
Microsoft Visual Studio Solution File, Format Version 12.00
# Visual Studio 15
VisualStudioVersion = 15.0.27130.2010
MinimumVisualStudioVersion = 10.0.40219.1
Project("{FAE04EC0-301F-11D3-BF4B-00C04F79EFBC}") = "ConductOfCode", "ConductOfCode\ConductOfCode.csproj", "{0DA1E29C-AC9C-4D17-BAFD-D7D3F64B6B30}"
EndProject
Global
	GlobalSection(SolutionConfigurationPlatforms) = preSolution
		Debug|Any CPU = Debug|Any CPU
		Release|Any CPU = Release|Any CPU
	EndGlobalSection
	GlobalSection(ProjectConfigurationPlatforms) = postSolution
		{0DA1E29C-AC9C-4D17-BAFD-D7D3F64B6B30}.Debug|Any CPU.ActiveCfg = Debug|Any CPU
		{0DA1E29C-AC9C-4D17-BAFD-D7D3F64B6B30}.Debug|Any CPU.Build.0 = Debug|Any CPU
		{0DA1E29C-AC9C-4D17-BAFD-D7D3F64B6B30}.Release|Any CPU.ActiveCfg = Release|Any CPU
		{0DA1E29C-AC9C-4D17-BAFD-D7D3F64B6B30}.Release|Any CPU.Build.0 = Release|Any CPU
	EndGlobalSection
	GlobalSection(SolutionProperties) = preSolution
		HideSolutionNode = FALSE
	EndGlobalSection
	GlobalSection(ExtensibilityGlobals) = postSolution
		SolutionGuid = {8195972F-7F04-46BC-A3CD-C6097F524163}
	EndGlobalSection
EndGlobal
